
Microsoft Visual Studio Solution File, Format Version 12.00
# Visual Studio Version 17
VisualStudioVersion = 17.8.34601.278
MinimumVisualStudioVersion = 10.0.40219.1
Project("{9A19103F-16F7-4668-BE54-9A1E7A4F7556}") = "CourseApp", "CourseApp\CourseApp.csproj", "{E7539BBC-C839-4240-963C-E7BEF582A0CA}"
EndProject
Project("{9A19103F-16F7-4668-BE54-9A1E7A4F7556}") = "Domain", "Domain\Domain.csproj", "{AEED9479-D270-4861-8F26-11528D5D7381}"
EndProject
Project("{9A19103F-16F7-4668-BE54-9A1E7A4F7556}") = "Repository", "Repository\Repository.csproj", "{7F068CC7-F714-40A2-9F8D-76F5E96ED412}"
EndProject
Project("{FAE04EC0-301F-11D3-BF4B-00C04F79EFBC}") = "Service", "Service\Service.csproj", "{E39130C3-22C2-416B-AB7D-2A816EB8AD46}"
EndProject
Global
	GlobalSection(SolutionConfigurationPlatforms) = preSolution
		Debug|Any CPU = Debug|Any CPU
		Release|Any CPU = Release|Any CPU
	EndGlobalSection
	GlobalSection(ProjectConfigurationPlatforms) = postSolution
		{E7539BBC-C839-4240-963C-E7BEF582A0CA}.Debug|Any CPU.ActiveCfg = Debug|Any CPU
		{E7539BBC-C839-4240-963C-E7BEF582A0CA}.Debug|Any CPU.Build.0 = Debug|Any CPU
		{E7539BBC-C839-4240-963C-E7BEF582A0CA}.Release|Any CPU.ActiveCfg = Release|Any CPU
		{E7539BBC-C839-4240-963C-E7BEF582A0CA}.Release|Any CPU.Build.0 = Release|Any CPU
		{AEED9479-D270-4861-8F26-11528D5D7381}.Debug|Any CPU.ActiveCfg = Debug|Any CPU
		{AEED9479-D270-4861-8F26-11528D5D7381}.Debug|Any CPU.Build.0 = Debug|Any CPU
		{AEED9479-D270-4861-8F26-11528D5D7381}.Release|Any CPU.ActiveCfg = Release|Any CPU
		{AEED9479-D270-4861-8F26-11528D5D7381}.Release|Any CPU.Build.0 = Release|Any CPU
		{7F068CC7-F714-40A2-9F8D-76F5E96ED412}.Debug|Any CPU.ActiveCfg = Debug|Any CPU
		{7F068CC7-F714-40A2-9F8D-76F5E96ED412}.Debug|Any CPU.Build.0 = Debug|Any CPU
		{7F068CC7-F714-40A2-9F8D-76F5E96ED412}.Release|Any CPU.ActiveCfg = Release|Any CPU
		{7F068CC7-F714-40A2-9F8D-76F5E96ED412}.Release|Any CPU.Build.0 = Release|Any CPU
		{E39130C3-22C2-416B-AB7D-2A816EB8AD46}.Debug|Any CPU.ActiveCfg = Debug|Any CPU
		{E39130C3-22C2-416B-AB7D-2A816EB8AD46}.Debug|Any CPU.Build.0 = Debug|Any CPU
		{E39130C3-22C2-416B-AB7D-2A816EB8AD46}.Release|Any CPU.ActiveCfg = Release|Any CPU
		{E39130C3-22C2-416B-AB7D-2A816EB8AD46}.Release|Any CPU.Build.0 = Release|Any CPU
	EndGlobalSection
	GlobalSection(SolutionProperties) = preSolution
		HideSolutionNode = FALSE
	EndGlobalSection
	GlobalSection(ExtensibilityGlobals) = postSolution
		SolutionGuid = {ABE80FF5-51C1-4C86-883D-1EEAEA8DEC53}
	EndGlobalSection
EndGlobal
